Microsoft Visual Studio Solution File, Format Version 12.00
# Visual Studio 15
VisualStudioVersion = 15.0.28307.136
MinimumVisualStudioVersion = 10.0.40219.1
Project("{2150E333-8FDC-42A3-9474-1A3956D46DE8}") = "Sample", "Sample", "{3AAE86E2-AE3C-4BB0-BCA8-DEDE490D90F4}"
EndProject
Project("{9A19103F-16F7-4668-BE54-9A1E7A4F7556}") = "Xamarin.Forms.HotReload.Sample", "Sample\Xamarin.Forms.HotReload.Sample\Xamarin.Forms.HotReload.Sample.csproj", "{1271BCFE-5F7B-4A6E-A53C-D7BAED518CEF}"
EndProject
Project("{FAE04EC0-301F-11D3-BF4B-00C04F79EFBC}") = "Xamarin.Forms.HotReload.Sample.Android", "Sample\Xamarin.Forms.HotReload.Sample.Android\Xamarin.Forms.HotReload.Sample.Android.csproj", "{48139257-59BF-4F5B-8E4D-57F0D40FA59C}"
EndProject
Project("{FAE04EC0-301F-11D3-BF4B-00C04F79EFBC}") = "Xamarin.Forms.HotReload.Sample.iOS", "Sample\Xamarin.Forms.HotReload.Sample.iOS\Xamarin.Forms.HotReload.Sample.iOS.csproj", "{974761A4-3265-4D29-AC0B-2E452872FA9E}"
EndProject
Project("{2150E333-8FDC-42A3-9474-1A3956D46DE8}") = "Observer", "Observer", "{0432EA3B-1323-481E-9B5A-54C46F95FDC9}"
EndProject
Project("{2150E333-8FDC-42A3-9474-1A3956D46DE8}") = "Reloader", "Reloader", "{CD38F87C-995D-441B-BD35-FB6E820FAA4D}"
EndProject
Project("{9A19103F-16F7-4668-BE54-9A1E7A4F7556}") = "Xamarin.Forms.HotReload.Reloader", "Reloader\Xamarin.Forms.HotReload.Reloader\Xamarin.Forms.HotReload.Reloader.csproj", "{A03DE363-03F1-428D-AB60-EA58A4477635}"
EndProject
Project("{FAE04EC0-301F-11D3-BF4B-00C04F79EFBC}") = "Xamarin.Forms.HotReload.Observer", "Observer\Xamarin.Forms.HotReload.Observer\Xamarin.Forms.HotReload.Observer.csproj", "{62677E46-7B9C-44EF-87EB-70EB72E84E16}"
EndProject
Project("{2150E333-8FDC-42A3-9474-1A3956D46DE8}") = "Extension", "Extension", "{4AD3C2FF-08C3-4D14-B5CF-7DDC462A6DEC}"
EndProject
Project("{9A19103F-16F7-4668-BE54-9A1E7A4F7556}") = "Xamarin.Forms.HotReload.Extension", "Extension\Xamarin.Forms.HotReload.Extension\Xamarin.Forms.HotReload.Extension.csproj", "{01D7B45E-EF06-460E-B004-E2F8CC54583E}"
EndProject
Project("{9A19103F-16F7-4668-BE54-9A1E7A4F7556}") = "Xamarin.Forms.HotReload.Extension.MacVS", "Extension\Xamarin.Forms.HotReload.Extension.MacVS\Xamarin.Forms.HotReload.Extension.MacVS.csproj", "{7BAEFB07-8140-453B-B280-4D22B05A5EB2}"
EndProject
Project("{FAE04EC0-301F-11D3-BF4B-00C04F79EFBC}") = "Xamarin.Forms.HotReload.Extension.WinVS", "Extension\Xamarin.Forms.HotReload.Extension.WinVS\Xamarin.Forms.HotReload.Extension.WinVS.csproj", "{9654693D-0028-4783-8281-9D840AF89063}"
EndProject
Project("{FAE04EC0-301F-11D3-BF4B-00C04F79EFBC}") = "Xamarin.Forms.HotReload.Sample.UWP", "Sample\Xamarin.Forms.HotReload.Sample.UWP\Xamarin.Forms.HotReload.Sample.UWP.csproj", "{68FED227-A0EC-4A04-A756-75B073172BB8}"
EndProject
Global
	GlobalSection(SolutionConfigurationPlatforms) = preSolution
		Ad-Hoc|Any CPU = Ad-Hoc|Any CPU
		Ad-Hoc|ARM = Ad-Hoc|ARM
		Ad-Hoc|ARM64 = Ad-Hoc|ARM64
		Ad-Hoc|iPhone = Ad-Hoc|iPhone
		Ad-Hoc|iPhoneSimulator = Ad-Hoc|iPhoneSimulator
		Ad-Hoc|x64 = Ad-Hoc|x64
		Ad-Hoc|x86 = Ad-Hoc|x86
		AppStore|Any CPU = AppStore|Any CPU
		AppStore|ARM = AppStore|ARM
		AppStore|ARM64 = AppStore|ARM64
		AppStore|iPhone = AppStore|iPhone
		AppStore|iPhoneSimulator = AppStore|iPhoneSimulator
		AppStore|x64 = AppStore|x64
		AppStore|x86 = AppStore|x86
		Debug|Any CPU = Debug|Any CPU
		Debug|ARM = Debug|ARM
		Debug|ARM64 = Debug|ARM64
		Debug|iPhone = Debug|iPhone
		Debug|iPhoneSimulator = Debug|iPhoneSimulator
		Debug|x64 = Debug|x64
		Debug|x86 = Debug|x86
		Release|Any CPU = Release|Any CPU
		Release|ARM = Release|ARM
		Release|ARM64 = Release|ARM64
		Release|iPhone = Release|iPhone
		Release|iPhoneSimulator = Release|iPhoneSimulator
		Release|x64 = Release|x64
		Release|x86 = Release|x86
	EndGlobalSection
	GlobalSection(ProjectConfigurationPlatforms) = postSolution
		{1271BCFE-5F7B-4A6E-A53C-D7BAED518CEF}.Ad-Hoc|Any CPU.ActiveCfg = Release|Any CPU
		{1271BCFE-5F7B-4A6E-A53C-D7BAED518CEF}.Ad-Hoc|Any CPU.Build.0 = Release|Any CPU
		{1271BCFE-5F7B-4A6E-A53C-D7BAED518CEF}.Ad-Hoc|ARM.ActiveCfg = Debug|Any CPU
		{1271BCFE-5F7B-4A6E-A53C-D7BAED518CEF}.Ad-Hoc|ARM.Build.0 = Debug|Any CPU
		{1271BCFE-5F7B-4A6E-A53C-D7BAED518CEF}.Ad-Hoc|ARM64.ActiveCfg = Debug|Any CPU
		{1271BCFE-5F7B-4A6E-A53C-D7BAED518CEF}.Ad-Hoc|ARM64.Build.0 = Debug|Any CPU
		{1271BCFE-5F7B-4A6E-A53C-D7BAED518CEF}.Ad-Hoc|iPhone.ActiveCfg = Debug|Any CPU
		{1271BCFE-5F7B-4A6E-A53C-D7BAED518CEF}.Ad-Hoc|iPhone.Build.0 = Debug|Any CPU
		{1271BCFE-5F7B-4A6E-A53C-D7BAED518CEF}.Ad-Hoc|iPhoneSimulator.ActiveCfg = Release|Any CPU
		{1271BCFE-5F7B-4A6E-A53C-D7BAED518CEF}.Ad-Hoc|iPhoneSimulator.Build.0 = Release|Any CPU
		{1271BCFE-5F7B-4A6E-A53C-D7BAED518CEF}.Ad-Hoc|x64.ActiveCfg = Debug|Any CPU
		{1271BCFE-5F7B-4A6E-A53C-D7BAED518CEF}.Ad-Hoc|x64.Build.0 = Debug|Any CPU
		{1271BCFE-5F7B-4A6E-A53C-D7BAED518CEF}.Ad-Hoc|x86.ActiveCfg = Debug|Any CPU
		{1271BCFE-5F7B-4A6E-A53C-D7BAED518CEF}.Ad-Hoc|x86.Build.0 = Debug|Any CPU
		{1271BCFE-5F7B-4A6E-A53C-D7BAED518CEF}.AppStore|Any CPU.ActiveCfg = Release|Any CPU
		{1271BCFE-5F7B-4A6E-A53C-D7BAED518CEF}.AppStore|Any CPU.Build.0 = Release|Any CPU
		{1271BCFE-5F7B-4A6E-A53C-D7BAED518CEF}.AppStore|ARM.ActiveCfg = Debug|Any CPU
		{1271BCFE-5F7B-4A6E-A53C-D7BAED518CEF}.AppStore|ARM.Build.0 = Debug|Any CPU
		{1271BCFE-5F7B-4A6E-A53C-D7BAED518CEF}.AppStore|ARM64.ActiveCfg = Debug|Any CPU
		{1271BCFE-5F7B-4A6E-A53C-D7BAED518CEF}.AppStore|ARM64.Build.0 = Debug|Any CPU
		{1271BCFE-5F7B-4A6E-A53C-D7BAED518CEF}.AppStore|iPhone.ActiveCfg = Debug|Any CPU
		{1271BCFE-5F7B-4A6E-A53C-D7BAED518CEF}.AppStore|iPhone.Build.0 = Debug|Any CPU
		{1271BCFE-5F7B-4A6E-A53C-D7BAED518CEF}.AppStore|iPhoneSimulator.ActiveCfg = Release|Any CPU
		{1271BCFE-5F7B-4A6E-A53C-D7BAED518CEF}.AppStore|iPhoneSimulator.Build.0 = Release|Any CPU
		{1271BCFE-5F7B-4A6E-A53C-D7BAED518CEF}.AppStore|x64.ActiveCfg = Debug|Any CPU
		{1271BCFE-5F7B-4A6E-A53C-D7BAED518CEF}.AppStore|x64.Build.0 = Debug|Any CPU
		{1271BCFE-5F7B-4A6E-A53C-D7BAED518CEF}.AppStore|x86.ActiveCfg = Debug|Any CPU
		{1271BCFE-5F7B-4A6E-A53C-D7BAED518CEF}.AppStore|x86.Build.0 = Debug|Any CPU
		{1271BCFE-5F7B-4A6E-A53C-D7BAED518CEF}.Debug|Any CPU.ActiveCfg = Debug|Any CPU
		{1271BCFE-5F7B-4A6E-A53C-D7BAED518CEF}.Debug|Any CPU.Build.0 = Debug|Any CPU
		{1271BCFE-5F7B-4A6E-A53C-D7BAED518CEF}.Debug|ARM.ActiveCfg = Debug|Any CPU
		{1271BCFE-5F7B-4A6E-A53C-D7BAED518CEF}.Debug|ARM.Build.0 = Debug|Any CPU
		{1271BCFE-5F7B-4A6E-A53C-D7BAED518CEF}.Debug|ARM64.ActiveCfg = Debug|Any CPU
		{1271BCFE-5F7B-4A6E-A53C-D7BAED518CEF}.Debug|ARM64.Build.0 = Debug|Any CPU
		{1271BCFE-5F7B-4A6E-A53C-D7BAED518CEF}.Debug|iPhone.ActiveCfg = Debug|Any CPU
		{1271BCFE-5F7B-4A6E-A53C-D7BAED518CEF}.Debug|iPhone.Build.0 = Debug|Any CPU
		{1271BCFE-5F7B-4A6E-A53C-D7BAED518CEF}.Debug|iPhoneSimulator.ActiveCfg = Debug|Any CPU
		{1271BCFE-5F7B-4A6E-A53C-D7BAED518CEF}.Debug|iPhoneSimulator.Build.0 = Debug|Any CPU
		{1271BCFE-5F7B-4A6E-A53C-D7BAED518CEF}.Debug|x64.ActiveCfg = Debug|Any CPU
		{1271BCFE-5F7B-4A6E-A53C-D7BAED518CEF}.Debug|x64.Build.0 = Debug|Any CPU
		{1271BCFE-5F7B-4A6E-A53C-D7BAED518CEF}.Debug|x86.ActiveCfg = Debug|Any CPU
		{1271BCFE-5F7B-4A6E-A53C-D7BAED518CEF}.Debug|x86.Build.0 = Debug|Any CPU
		{1271BCFE-5F7B-4A6E-A53C-D7BAED518CEF}.Release|Any CPU.ActiveCfg = Release|Any CPU
		{1271BCFE-5F7B-4A6E-A53C-D7BAED518CEF}.Release|Any CPU.Build.0 = Release|Any CPU
		{1271BCFE-5F7B-4A6E-A53C-D7BAED518CEF}.Release|ARM.ActiveCfg = Release|Any CPU
		{1271BCFE-5F7B-4A6E-A53C-D7BAED518CEF}.Release|ARM.Build.0 = Release|Any CPU
		{1271BCFE-5F7B-4A6E-A53C-D7BAED518CEF}.Release|ARM64.ActiveCfg = Release|Any CPU
		{1271BCFE-5F7B-4A6E-A53C-D7BAED518CEF}.Release|ARM64.Build.0 = Release|Any CPU
		{1271BCFE-5F7B-4A6E-A53C-D7BAED518CEF}.Release|iPhone.ActiveCfg = Release|Any CPU
		{1271BCFE-5F7B-4A6E-A53C-D7BAED518CEF}.Release|iPhone.Build.0 = Release|Any CPU
		{1271BCFE-5F7B-4A6E-A53C-D7BAED518CEF}.Release|iPhoneSimulator.ActiveCfg = Release|Any CPU
		{1271BCFE-5F7B-4A6E-A53C-D7BAED518CEF}.Release|iPhoneSimulator.Build.0 = Release|Any CPU
		{1271BCFE-5F7B-4A6E-A53C-D7BAED518CEF}.Release|x64.ActiveCfg = Release|Any CPU
		{1271BCFE-5F7B-4A6E-A53C-D7BAED518CEF}.Release|x64.Build.0 = Release|Any CPU
		{1271BCFE-5F7B-4A6E-A53C-D7BAED518CEF}.Release|x86.ActiveCfg = Release|Any CPU
		{1271BCFE-5F7B-4A6E-A53C-D7BAED518CEF}.Release|x86.Build.0 = Release|Any CPU
		{48139257-59BF-4F5B-8E4D-57F0D40FA59C}.Ad-Hoc|Any CPU.ActiveCfg = Release|Any CPU
		{48139257-59BF-4F5B-8E4D-57F0D40FA59C}.Ad-Hoc|Any CPU.Build.0 = Release|Any CPU
		{48139257-59BF-4F5B-8E4D-57F0D40FA59C}.Ad-Hoc|Any CPU.Deploy.0 = Release|Any CPU
		{48139257-59BF-4F5B-8E4D-57F0D40FA59C}.Ad-Hoc|ARM.ActiveCfg = Debug|Any CPU
		{48139257-59BF-4F5B-8E4D-57F0D40FA59C}.Ad-Hoc|ARM.Build.0 = Debug|Any CPU
		{48139257-59BF-4F5B-8E4D-57F0D40FA59C}.Ad-Hoc|ARM.Deploy.0 = Debug|Any CPU
		{48139257-59BF-4F5B-8E4D-57F0D40FA59C}.Ad-Hoc|ARM64.ActiveCfg = Debug|Any CPU
		{48139257-59BF-4F5B-8E4D-57F0D40FA59C}.Ad-Hoc|ARM64.Build.0 = Debug|Any CPU
		{48139257-59BF-4F5B-8E4D-57F0D40FA59C}.Ad-Hoc|ARM64.Deploy.0 = Debug|Any CPU
		{48139257-59BF-4F5B-8E4D-57F0D40FA59C}.Ad-Hoc|iPhone.ActiveCfg = Debug|Any CPU
		{48139257-59BF-4F5B-8E4D-57F0D40FA59C}.Ad-Hoc|iPhone.Build.0 = Debug|Any CPU
		{48139257-59BF-4F5B-8E4D-57F0D40FA59C}.Ad-Hoc|iPhoneSimulator.ActiveCfg = Release|Any CPU
		{48139257-59BF-4F5B-8E4D-57F0D40FA59C}.Ad-Hoc|iPhoneSimulator.Build.0 = Release|Any CPU
		{48139257-59BF-4F5B-8E4D-57F0D40FA59C}.Ad-Hoc|iPhoneSimulator.Deploy.0 = Release|Any CPU
		{48139257-59BF-4F5B-8E4D-57F0D40FA59C}.Ad-Hoc|x64.ActiveCfg = Debug|Any CPU
		{48139257-59BF-4F5B-8E4D-57F0D40FA59C}.Ad-Hoc|x64.Build.0 = Debug|Any CPU
		{48139257-59BF-4F5B-8E4D-57F0D40FA59C}.Ad-Hoc|x64.Deploy.0 = Debug|Any CPU
		{48139257-59BF-4F5B-8E4D-57F0D40FA59C}.Ad-Hoc|x86.ActiveCfg = Debug|Any CPU
		{48139257-59BF-4F5B-8E4D-57F0D40FA59C}.Ad-Hoc|x86.Build.0 = Debug|Any CPU
		{48139257-59BF-4F5B-8E4D-57F0D40FA59C}.Ad-Hoc|x86.Deploy.0 = Debug|Any CPU
		{48139257-59BF-4F5B-8E4D-57F0D40FA59C}.AppStore|Any CPU.ActiveCfg = Release|Any CPU
		{48139257-59BF-4F5B-8E4D-57F0D40FA59C}.AppStore|Any CPU.Build.0 = Release|Any CPU
		{48139257-59BF-4F5B-8E4D-57F0D40FA59C}.AppStore|Any CPU.Deploy.0 = Release|Any CPU
		{48139257-59BF-4F5B-8E4D-57F0D40FA59C}.AppStore|ARM.ActiveCfg = Debug|Any CPU
		{48139257-59BF-4F5B-8E4D-57F0D40FA59C}.AppStore|ARM.Build.0 = Debug|Any CPU
		{48139257-59BF-4F5B-8E4D-57F0D40FA59C}.AppStore|ARM.Deploy.0 = Debug|Any CPU
		{48139257-59BF-4F5B-8E4D-57F0D40FA59C}.AppStore|ARM64.ActiveCfg = Debug|Any CPU
		{48139257-59BF-4F5B-8E4D-57F0D40FA59C}.AppStore|ARM64.Build.0 = Debug|Any CPU
		{48139257-59BF-4F5B-8E4D-57F0D40FA59C}.AppStore|ARM64.Deploy.0 = Debug|Any CPU
		{48139257-59BF-4F5B-8E4D-57F0D40FA59C}.AppStore|iPhone.ActiveCfg = Debug|Any CPU
		{48139257-59BF-4F5B-8E4D-57F0D40FA59C}.AppStore|iPhone.Build.0 = Debug|Any CPU
		{48139257-59BF-4F5B-8E4D-57F0D40FA59C}.AppStore|iPhoneSimulator.ActiveCfg = Release|Any CPU
		{48139257-59BF-4F5B-8E4D-57F0D40FA59C}.AppStore|iPhoneSimulator.Build.0 = Release|Any CPU
		{48139257-59BF-4F5B-8E4D-57F0D40FA59C}.AppStore|iPhoneSimulator.Deploy.0 = Release|Any CPU
		{48139257-59BF-4F5B-8E4D-57F0D40FA59C}.AppStore|x64.ActiveCfg = Debug|Any CPU
		{48139257-59BF-4F5B-8E4D-57F0D40FA59C}.AppStore|x64.Build.0 = Debug|Any CPU
		{48139257-59BF-4F5B-8E4D-57F0D40FA59C}.AppStore|x64.Deploy.0 = Debug|Any CPU
		{48139257-59BF-4F5B-8E4D-57F0D40FA59C}.AppStore|x86.ActiveCfg = Debug|Any CPU
		{48139257-59BF-4F5B-8E4D-57F0D40FA59C}.AppStore|x86.Build.0 = Debug|Any CPU
		{48139257-59BF-4F5B-8E4D-57F0D40FA59C}.AppStore|x86.Deploy.0 = Debug|Any CPU
		{48139257-59BF-4F5B-8E4D-57F0D40FA59C}.Debug|Any CPU.ActiveCfg = Debug|Any CPU
		{48139257-59BF-4F5B-8E4D-57F0D40FA59C}.Debug|Any CPU.Build.0 = Debug|Any CPU
		{48139257-59BF-4F5B-8E4D-57F0D40FA59C}.Debug|ARM.ActiveCfg = Debug|Any CPU
		{48139257-59BF-4F5B-8E4D-57F0D40FA59C}.Debug|ARM.Build.0 = Debug|Any CPU
		{48139257-59BF-4F5B-8E4D-57F0D40FA59C}.Debug|ARM.Deploy.0 = Debug|Any CPU
		{48139257-59BF-4F5B-8E4D-57F0D40FA59C}.Debug|ARM64.ActiveCfg = Debug|Any CPU
		{48139257-59BF-4F5B-8E4D-57F0D40FA59C}.Debug|ARM64.Build.0 = Debug|Any CPU
		{48139257-59BF-4F5B-8E4D-57F0D40FA59C}.Debug|ARM64.Deploy.0 = Debug|Any CPU
		{48139257-59BF-4F5B-8E4D-57F0D40FA59C}.Debug|iPhone.ActiveCfg = Debug|Any CPU
		{48139257-59BF-4F5B-8E4D-57F0D40FA59C}.Debug|iPhone.Build.0 = Debug|Any CPU
		{48139257-59BF-4F5B-8E4D-57F0D40FA59C}.Debug|iPhoneSimulator.ActiveCfg = Debug|Any CPU
		{48139257-59BF-4F5B-8E4D-57F0D40FA59C}.Debug|iPhoneSimulator.Build.0 = Debug|Any CPU
		{48139257-59BF-4F5B-8E4D-57F0D40FA59C}.Debug|x64.ActiveCfg = Debug|Any CPU
		{48139257-59BF-4F5B-8E4D-57F0D40FA59C}.Debug|x64.Build.0 = Debug|Any CPU
		{48139257-59BF-4F5B-8E4D-57F0D40FA59C}.Debug|x64.Deploy.0 = Debug|Any CPU
		{48139257-59BF-4F5B-8E4D-57F0D40FA59C}.Debug|x86.ActiveCfg = Debug|Any CPU
		{48139257-59BF-4F5B-8E4D-57F0D40FA59C}.Debug|x86.Build.0 = Debug|Any CPU
		{48139257-59BF-4F5B-8E4D-57F0D40FA59C}.Debug|x86.Deploy.0 = Debug|Any CPU
		{48139257-59BF-4F5B-8E4D-57F0D40FA59C}.Release|Any CPU.ActiveCfg = Release|Any CPU
		{48139257-59BF-4F5B-8E4D-57F0D40FA59C}.Release|Any CPU.Build.0 = Release|Any CPU
		{48139257-59BF-4F5B-8E4D-57F0D40FA59C}.Release|ARM.ActiveCfg = Release|Any CPU
		{48139257-59BF-4F5B-8E4D-57F0D40FA59C}.Release|ARM.Build.0 = Release|Any CPU
		{48139257-59BF-4F5B-8E4D-57F0D40FA59C}.Release|ARM.Deploy.0 = Release|Any CPU
		{48139257-59BF-4F5B-8E4D-57F0D40FA59C}.Release|ARM64.ActiveCfg = Release|Any CPU
		{48139257-59BF-4F5B-8E4D-57F0D40FA59C}.Release|ARM64.Build.0 = Release|Any CPU
		{48139257-59BF-4F5B-8E4D-57F0D40FA59C}.Release|ARM64.Deploy.0 = Release|Any CPU
		{48139257-59BF-4F5B-8E4D-57F0D40FA59C}.Release|iPhone.ActiveCfg = Release|Any CPU
		{48139257-59BF-4F5B-8E4D-57F0D40FA59C}.Release|iPhone.Build.0 = Release|Any CPU
		{48139257-59BF-4F5B-8E4D-57F0D40FA59C}.Release|iPhoneSimulator.ActiveCfg = Release|Any CPU
		{48139257-59BF-4F5B-8E4D-57F0D40FA59C}.Release|iPhoneSimulator.Build.0 = Release|Any CPU
		{48139257-59BF-4F5B-8E4D-57F0D40FA59C}.Release|x64.ActiveCfg = Release|Any CPU
		{48139257-59BF-4F5B-8E4D-57F0D40FA59C}.Release|x64.Build.0 = Release|Any CPU
		{48139257-59BF-4F5B-8E4D-57F0D40FA59C}.Release|x64.Deploy.0 = Release|Any CPU
		{48139257-59BF-4F5B-8E4D-57F0D40FA59C}.Release|x86.ActiveCfg = Release|Any CPU
		{48139257-59BF-4F5B-8E4D-57F0D40FA59C}.Release|x86.Build.0 = Release|Any CPU
		{48139257-59BF-4F5B-8E4D-57F0D40FA59C}.Release|x86.Deploy.0 = Release|Any CPU
		{974761A4-3265-4D29-AC0B-2E452872FA9E}.Ad-Hoc|Any CPU.ActiveCfg = Ad-Hoc|iPhoneSimulator
		{974761A4-3265-4D29-AC0B-2E452872FA9E}.Ad-Hoc|ARM.ActiveCfg = Ad-Hoc|iPhone
		{974761A4-3265-4D29-AC0B-2E452872FA9E}.Ad-Hoc|ARM64.ActiveCfg = Ad-Hoc|iPhone
		{974761A4-3265-4D29-AC0B-2E452872FA9E}.Ad-Hoc|iPhone.ActiveCfg = Ad-Hoc|iPhone
		{974761A4-3265-4D29-AC0B-2E452872FA9E}.Ad-Hoc|iPhone.Build.0 = Ad-Hoc|iPhone
		{974761A4-3265-4D29-AC0B-2E452872FA9E}.Ad-Hoc|iPhoneSimulator.ActiveCfg = Ad-Hoc|iPhoneSimulator
		{974761A4-3265-4D29-AC0B-2E452872FA9E}.Ad-Hoc|iPhoneSimulator.Build.0 = Ad-Hoc|iPhoneSimulator
		{974761A4-3265-4D29-AC0B-2E452872FA9E}.Ad-Hoc|x64.ActiveCfg = Ad-Hoc|iPhone
		{974761A4-3265-4D29-AC0B-2E452872FA9E}.Ad-Hoc|x86.ActiveCfg = Ad-Hoc|iPhone
		{974761A4-3265-4D29-AC0B-2E452872FA9E}.AppStore|Any CPU.ActiveCfg = AppStore|iPhoneSimulator
		{974761A4-3265-4D29-AC0B-2E452872FA9E}.AppStore|ARM.ActiveCfg = AppStore|iPhone
		{974761A4-3265-4D29-AC0B-2E452872FA9E}.AppStore|ARM64.ActiveCfg = AppStore|iPhone
		{974761A4-3265-4D29-AC0B-2E452872FA9E}.AppStore|iPhone.ActiveCfg = AppStore|iPhone
		{974761A4-3265-4D29-AC0B-2E452872FA9E}.AppStore|iPhone.Build.0 = AppStore|iPhone
		{974761A4-3265-4D29-AC0B-2E452872FA9E}.AppStore|iPhoneSimulator.ActiveCfg = AppStore|iPhoneSimulator
		{974761A4-3265-4D29-AC0B-2E452872FA9E}.AppStore|iPhoneSimulator.Build.0 = AppStore|iPhoneSimulator
		{974761A4-3265-4D29-AC0B-2E452872FA9E}.AppStore|x64.ActiveCfg = AppStore|iPhone
		{974761A4-3265-4D29-AC0B-2E452872FA9E}.AppStore|x86.ActiveCfg = AppStore|iPhone
		{974761A4-3265-4D29-AC0B-2E452872FA9E}.Debug|Any CPU.ActiveCfg = Debug|iPhoneSimulator
		{974761A4-3265-4D29-AC0B-2E452872FA9E}.Debug|Any CPU.Build.0 = Debug|iPhoneSimulator
		{974761A4-3265-4D29-AC0B-2E452872FA9E}.Debug|ARM.ActiveCfg = Debug|iPhone
		{974761A4-3265-4D29-AC0B-2E452872FA9E}.Debug|ARM64.ActiveCfg = Debug|iPhone
		{974761A4-3265-4D29-AC0B-2E452872FA9E}.Debug|iPhone.ActiveCfg = Debug|iPhone
		{974761A4-3265-4D29-AC0B-2E452872FA9E}.Debug|iPhone.Build.0 = Debug|iPhone
		{974761A4-3265-4D29-AC0B-2E452872FA9E}.Debug|iPhoneSimulator.ActiveCfg = Debug|iPhoneSimulator
		{974761A4-3265-4D29-AC0B-2E452872FA9E}.Debug|iPhoneSimulator.Build.0 = Debug|iPhoneSimulator
		{974761A4-3265-4D29-AC0B-2E452872FA9E}.Debug|x64.ActiveCfg = Debug|iPhone
		{974761A4-3265-4D29-AC0B-2E452872FA9E}.Debug|x86.ActiveCfg = Debug|iPhone
		{974761A4-3265-4D29-AC0B-2E452872FA9E}.Release|Any CPU.ActiveCfg = Release|iPhoneSimulator
		{974761A4-3265-4D29-AC0B-2E452872FA9E}.Release|Any CPU.Build.0 = Release|iPhoneSimulator
		{974761A4-3265-4D29-AC0B-2E452872FA9E}.Release|ARM.ActiveCfg = Release|iPhone
		{974761A4-3265-4D29-AC0B-2E452872FA9E}.Release|ARM64.ActiveCfg = Release|iPhone
		{974761A4-3265-4D29-AC0B-2E452872FA9E}.Release|iPhone.ActiveCfg = Release|iPhone
		{974761A4-3265-4D29-AC0B-2E452872FA9E}.Release|iPhone.Build.0 = Release|iPhone
		{974761A4-3265-4D29-AC0B-2E452872FA9E}.Release|iPhoneSimulator.ActiveCfg = Release|iPhoneSimulator
		{974761A4-3265-4D29-AC0B-2E452872FA9E}.Release|iPhoneSimulator.Build.0 = Release|iPhoneSimulator
		{974761A4-3265-4D29-AC0B-2E452872FA9E}.Release|x64.ActiveCfg = Release|iPhone
		{974761A4-3265-4D29-AC0B-2E452872FA9E}.Release|x86.ActiveCfg = Release|iPhone
		{A03DE363-03F1-428D-AB60-EA58A4477635}.Ad-Hoc|Any CPU.ActiveCfg = Debug|Any CPU
		{A03DE363-03F1-428D-AB60-EA58A4477635}.Ad-Hoc|Any CPU.Build.0 = Debug|Any CPU
		{A03DE363-03F1-428D-AB60-EA58A4477635}.Ad-Hoc|ARM.ActiveCfg = Release|Any CPU
		{A03DE363-03F1-428D-AB60-EA58A4477635}.Ad-Hoc|ARM.Build.0 = Release|Any CPU
		{A03DE363-03F1-428D-AB60-EA58A4477635}.Ad-Hoc|ARM64.ActiveCfg = Release|Any CPU
		{A03DE363-03F1-428D-AB60-EA58A4477635}.Ad-Hoc|ARM64.Build.0 = Release|Any CPU
		{A03DE363-03F1-428D-AB60-EA58A4477635}.Ad-Hoc|iPhone.ActiveCfg = Release|Any CPU
		{A03DE363-03F1-428D-AB60-EA58A4477635}.Ad-Hoc|iPhone.Build.0 = Release|Any CPU
		{A03DE363-03F1-428D-AB60-EA58A4477635}.Ad-Hoc|iPhoneSimulator.ActiveCfg = Debug|Any CPU
		{A03DE363-03F1-428D-AB60-EA58A4477635}.Ad-Hoc|iPhoneSimulator.Build.0 = Debug|Any CPU
		{A03DE363-03F1-428D-AB60-EA58A4477635}.Ad-Hoc|x64.ActiveCfg = Release|Any CPU
		{A03DE363-03F1-428D-AB60-EA58A4477635}.Ad-Hoc|x64.Build.0 = Release|Any CPU
		{A03DE363-03F1-428D-AB60-EA58A4477635}.Ad-Hoc|x86.ActiveCfg = Release|Any CPU
		{A03DE363-03F1-428D-AB60-EA58A4477635}.Ad-Hoc|x86.Build.0 = Release|Any CPU
		{A03DE363-03F1-428D-AB60-EA58A4477635}.AppStore|Any CPU.ActiveCfg = Debug|Any CPU
		{A03DE363-03F1-428D-AB60-EA58A4477635}.AppStore|Any CPU.Build.0 = Debug|Any CPU
		{A03DE363-03F1-428D-AB60-EA58A4477635}.AppStore|ARM.ActiveCfg = Release|Any CPU
		{A03DE363-03F1-428D-AB60-EA58A4477635}.AppStore|ARM.Build.0 = Release|Any CPU
		{A03DE363-03F1-428D-AB60-EA58A4477635}.AppStore|ARM64.ActiveCfg = Release|Any CPU
		{A03DE363-03F1-428D-AB60-EA58A4477635}.AppStore|ARM64.Build.0 = Release|Any CPU
		{A03DE363-03F1-428D-AB60-EA58A4477635}.AppStore|iPhone.ActiveCfg = Release|Any CPU
		{A03DE363-03F1-428D-AB60-EA58A4477635}.AppStore|iPhone.Build.0 = Release|Any CPU
		{A03DE363-03F1-428D-AB60-EA58A4477635}.AppStore|iPhoneSimulator.ActiveCfg = Debug|Any CPU
		{A03DE363-03F1-428D-AB60-EA58A4477635}.AppStore|iPhoneSimulator.Build.0 = Debug|Any CPU
		{A03DE363-03F1-428D-AB60-EA58A4477635}.AppStore|x64.ActiveCfg = Release|Any CPU
		{A03DE363-03F1-428D-AB60-EA58A4477635}.AppStore|x64.Build.0 = Release|Any CPU
		{A03DE363-03F1-428D-AB60-EA58A4477635}.AppStore|x86.ActiveCfg = Release|Any CPU
		{A03DE363-03F1-428D-AB60-EA58A4477635}.AppStore|x86.Build.0 = Release|Any CPU
		{A03DE363-03F1-428D-AB60-EA58A4477635}.Debug|Any CPU.ActiveCfg = Debug|Any CPU
		{A03DE363-03F1-428D-AB60-EA58A4477635}.Debug|Any CPU.Build.0 = Debug|Any CPU
		{A03DE363-03F1-428D-AB60-EA58A4477635}.Debug|ARM.ActiveCfg = Debug|Any CPU
		{A03DE363-03F1-428D-AB60-EA58A4477635}.Debug|ARM.Build.0 = Debug|Any CPU
		{A03DE363-03F1-428D-AB60-EA58A4477635}.Debug|ARM64.ActiveCfg = Debug|Any CPU
		{A03DE363-03F1-428D-AB60-EA58A4477635}.Debug|ARM64.Build.0 = Debug|Any CPU
		{A03DE363-03F1-428D-AB60-EA58A4477635}.Debug|iPhone.ActiveCfg = Debug|Any CPU
		{A03DE363-03F1-428D-AB60-EA58A4477635}.Debug|iPhone.Build.0 = Debug|Any CPU
		{A03DE363-03F1-428D-AB60-EA58A4477635}.Debug|iPhoneSimulator.ActiveCfg = Debug|Any CPU
		{A03DE363-03F1-428D-AB60-EA58A4477635}.Debug|iPhoneSimulator.Build.0 = Debug|Any CPU
		{A03DE363-03F1-428D-AB60-EA58A4477635}.Debug|x64.ActiveCfg = Debug|Any CPU
		{A03DE363-03F1-428D-AB60-EA58A4477635}.Debug|x64.Build.0 = Debug|Any CPU
		{A03DE363-03F1-428D-AB60-EA58A4477635}.Debug|x86.ActiveCfg = Debug|Any CPU
		{A03DE363-03F1-428D-AB60-EA58A4477635}.Debug|x86.Build.0 = Debug|Any CPU
		{A03DE363-03F1-428D-AB60-EA58A4477635}.Release|Any CPU.ActiveCfg = Release|Any CPU
		{A03DE363-03F1-428D-AB60-EA58A4477635}.Release|Any CPU.Build.0 = Release|Any CPU
		{A03DE363-03F1-428D-AB60-EA58A4477635}.Release|ARM.ActiveCfg = Release|Any CPU
		{A03DE363-03F1-428D-AB60-EA58A4477635}.Release|ARM.Build.0 = Release|Any CPU
		{A03DE363-03F1-428D-AB60-EA58A4477635}.Release|ARM64.ActiveCfg = Release|Any CPU
		{A03DE363-03F1-428D-AB60-EA58A4477635}.Release|ARM64.Build.0 = Release|Any CPU
		{A03DE363-03F1-428D-AB60-EA58A4477635}.Release|iPhone.ActiveCfg = Release|Any CPU
		{A03DE363-03F1-428D-AB60-EA58A4477635}.Release|iPhone.Build.0 = Release|Any CPU
		{A03DE363-03F1-428D-AB60-EA58A4477635}.Release|iPhoneSimulator.ActiveCfg = Release|Any CPU
		{A03DE363-03F1-428D-AB60-EA58A4477635}.Release|iPhoneSimulator.Build.0 = Release|Any CPU
		{A03DE363-03F1-428D-AB60-EA58A4477635}.Release|x64.ActiveCfg = Release|Any CPU
		{A03DE363-03F1-428D-AB60-EA58A4477635}.Release|x64.Build.0 = Release|Any CPU
		{A03DE363-03F1-428D-AB60-EA58A4477635}.Release|x86.ActiveCfg = Release|Any CPU
		{A03DE363-03F1-428D-AB60-EA58A4477635}.Release|x86.Build.0 = Release|Any CPU
		{62677E46-7B9C-44EF-87EB-70EB72E84E16}.Ad-Hoc|Any CPU.ActiveCfg = Release|Any CPU
		{62677E46-7B9C-44EF-87EB-70EB72E84E16}.Ad-Hoc|Any CPU.Build.0 = Release|Any CPU
		{62677E46-7B9C-44EF-87EB-70EB72E84E16}.Ad-Hoc|ARM.ActiveCfg = Debug|Any CPU
		{62677E46-7B9C-44EF-87EB-70EB72E84E16}.Ad-Hoc|ARM.Build.0 = Debug|Any CPU
		{62677E46-7B9C-44EF-87EB-70EB72E84E16}.Ad-Hoc|ARM64.ActiveCfg = Debug|Any CPU
		{62677E46-7B9C-44EF-87EB-70EB72E84E16}.Ad-Hoc|ARM64.Build.0 = Debug|Any CPU
		{62677E46-7B9C-44EF-87EB-70EB72E84E16}.Ad-Hoc|iPhone.ActiveCfg = Debug|Any CPU
		{62677E46-7B9C-44EF-87EB-70EB72E84E16}.Ad-Hoc|iPhone.Build.0 = Debug|Any CPU
		{62677E46-7B9C-44EF-87EB-70EB72E84E16}.Ad-Hoc|iPhoneSimulator.ActiveCfg = Release|Any CPU
		{62677E46-7B9C-44EF-87EB-70EB72E84E16}.Ad-Hoc|iPhoneSimulator.Build.0 = Release|Any CPU
		{62677E46-7B9C-44EF-87EB-70EB72E84E16}.Ad-Hoc|x64.ActiveCfg = Debug|Any CPU
		{62677E46-7B9C-44EF-87EB-70EB72E84E16}.Ad-Hoc|x64.Build.0 = Debug|Any CPU
		{62677E46-7B9C-44EF-87EB-70EB72E84E16}.Ad-Hoc|x86.ActiveCfg = Debug|Any CPU
		{62677E46-7B9C-44EF-87EB-70EB72E84E16}.Ad-Hoc|x86.Build.0 = Debug|Any CPU
		{62677E46-7B9C-44EF-87EB-70EB72E84E16}.AppStore|Any CPU.ActiveCfg = Release|Any CPU
		{62677E46-7B9C-44EF-87EB-70EB72E84E16}.AppStore|Any CPU.Build.0 = Release|Any CPU
		{62677E46-7B9C-44EF-87EB-70EB72E84E16}.AppStore|ARM.ActiveCfg = Debug|Any CPU
		{62677E46-7B9C-44EF-87EB-70EB72E84E16}.AppStore|ARM.Build.0 = Debug|Any CPU
		{62677E46-7B9C-44EF-87EB-70EB72E84E16}.AppStore|ARM64.ActiveCfg = Debug|Any CPU
		{62677E46-7B9C-44EF-87EB-70EB72E84E16}.AppStore|ARM64.Build.0 = Debug|Any CPU
		{62677E46-7B9C-44EF-87EB-70EB72E84E16}.AppStore|iPhone.ActiveCfg = Debug|Any CPU
		{62677E46-7B9C-44EF-87EB-70EB72E84E16}.AppStore|iPhone.Build.0 = Debug|Any CPU
		{62677E46-7B9C-44EF-87EB-70EB72E84E16}.AppStore|iPhoneSimulator.ActiveCfg = Release|Any CPU
		{62677E46-7B9C-44EF-87EB-70EB72E84E16}.AppStore|iPhoneSimulator.Build.0 = Release|Any CPU
		{62677E46-7B9C-44EF-87EB-70EB72E84E16}.AppStore|x64.ActiveCfg = Debug|Any CPU
		{62677E46-7B9C-44EF-87EB-70EB72E84E16}.AppStore|x64.Build.0 = Debug|Any CPU
		{62677E46-7B9C-44EF-87EB-70EB72E84E16}.AppStore|x86.ActiveCfg = Debug|Any CPU
		{62677E46-7B9C-44EF-87EB-70EB72E84E16}.AppStore|x86.Build.0 = Debug|Any CPU
		{62677E46-7B9C-44EF-87EB-70EB72E84E16}.Debug|Any CPU.ActiveCfg = Debug|Any CPU
		{62677E46-7B9C-44EF-87EB-70EB72E84E16}.Debug|Any CPU.Build.0 = Debug|Any CPU
		{62677E46-7B9C-44EF-87EB-70EB72E84E16}.Debug|ARM.ActiveCfg = Debug|Any CPU
		{62677E46-7B9C-44EF-87EB-70EB72E84E16}.Debug|ARM.Build.0 = Debug|Any CPU
		{62677E46-7B9C-44EF-87EB-70EB72E84E16}.Debug|ARM64.ActiveCfg = Debug|Any CPU
		{62677E46-7B9C-44EF-87EB-70EB72E84E16}.Debug|ARM64.Build.0 = Debug|Any CPU
		{62677E46-7B9C-44EF-87EB-70EB72E84E16}.Debug|iPhone.ActiveCfg = Debug|Any CPU
		{62677E46-7B9C-44EF-87EB-70EB72E84E16}.Debug|iPhone.Build.0 = Debug|Any CPU
		{62677E46-7B9C-44EF-87EB-70EB72E84E16}.Debug|iPhoneSimulator.ActiveCfg = Debug|Any CPU
		{62677E46-7B9C-44EF-87EB-70EB72E84E16}.Debug|iPhoneSimulator.Build.0 = Debug|Any CPU
		{62677E46-7B9C-44EF-87EB-70EB72E84E16}.Debug|x64.ActiveCfg = Debug|Any CPU
		{62677E46-7B9C-44EF-87EB-70EB72E84E16}.Debug|x64.Build.0 = Debug|Any CPU
		{62677E46-7B9C-44EF-87EB-70EB72E84E16}.Debug|x86.ActiveCfg = Debug|Any CPU
		{62677E46-7B9C-44EF-87EB-70EB72E84E16}.Debug|x86.Build.0 = Debug|Any CPU
		{62677E46-7B9C-44EF-87EB-70EB72E84E16}.Release|Any CPU.ActiveCfg = Release|Any CPU
		{62677E46-7B9C-44EF-87EB-70EB72E84E16}.Release|Any CPU.Build.0 = Release|Any CPU
		{62677E46-7B9C-44EF-87EB-70EB72E84E16}.Release|ARM.ActiveCfg = Release|Any CPU
		{62677E46-7B9C-44EF-87EB-70EB72E84E16}.Release|ARM.Build.0 = Release|Any CPU
		{62677E46-7B9C-44EF-87EB-70EB72E84E16}.Release|ARM64.ActiveCfg = Release|Any CPU
		{62677E46-7B9C-44EF-87EB-70EB72E84E16}.Release|ARM64.Build.0 = Release|Any CPU
		{62677E46-7B9C-44EF-87EB-70EB72E84E16}.Release|iPhone.ActiveCfg = Release|Any CPU
		{62677E46-7B9C-44EF-87EB-70EB72E84E16}.Release|iPhone.Build.0 = Release|Any CPU
		{62677E46-7B9C-44EF-87EB-70EB72E84E16}.Release|iPhoneSimulator.ActiveCfg = Release|Any CPU
		{62677E46-7B9C-44EF-87EB-70EB72E84E16}.Release|iPhoneSimulator.Build.0 = Release|Any CPU
		{62677E46-7B9C-44EF-87EB-70EB72E84E16}.Release|x64.ActiveCfg = Release|Any CPU
		{62677E46-7B9C-44EF-87EB-70EB72E84E16}.Release|x64.Build.0 = Release|Any CPU
		{62677E46-7B9C-44EF-87EB-70EB72E84E16}.Release|x86.ActiveCfg = Release|Any CPU
		{62677E46-7B9C-44EF-87EB-70EB72E84E16}.Release|x86.Build.0 = Release|Any CPU
		{01D7B45E-EF06-460E-B004-E2F8CC54583E}.Ad-Hoc|Any CPU.ActiveCfg = Debug|Any CPU
		{01D7B45E-EF06-460E-B004-E2F8CC54583E}.Ad-Hoc|Any CPU.Build.0 = Debug|Any CPU
		{01D7B45E-EF06-460E-B004-E2F8CC54583E}.Ad-Hoc|ARM.ActiveCfg = Release|Any CPU
		{01D7B45E-EF06-460E-B004-E2F8CC54583E}.Ad-Hoc|ARM.Build.0 = Release|Any CPU
		{01D7B45E-EF06-460E-B004-E2F8CC54583E}.Ad-Hoc|ARM64.ActiveCfg = Release|Any CPU
		{01D7B45E-EF06-460E-B004-E2F8CC54583E}.Ad-Hoc|ARM64.Build.0 = Release|Any CPU
		{01D7B45E-EF06-460E-B004-E2F8CC54583E}.Ad-Hoc|iPhone.ActiveCfg = Debug|Any CPU
		{01D7B45E-EF06-460E-B004-E2F8CC54583E}.Ad-Hoc|iPhone.Build.0 = Debug|Any CPU
		{01D7B45E-EF06-460E-B004-E2F8CC54583E}.Ad-Hoc|iPhoneSimulator.ActiveCfg = Debug|Any CPU
		{01D7B45E-EF06-460E-B004-E2F8CC54583E}.Ad-Hoc|iPhoneSimulator.Build.0 = Debug|Any CPU
		{01D7B45E-EF06-460E-B004-E2F8CC54583E}.Ad-Hoc|x64.ActiveCfg = Release|Any CPU
		{01D7B45E-EF06-460E-B004-E2F8CC54583E}.Ad-Hoc|x64.Build.0 = Release|Any CPU
		{01D7B45E-EF06-460E-B004-E2F8CC54583E}.Ad-Hoc|x86.ActiveCfg = Release|Any CPU
		{01D7B45E-EF06-460E-B004-E2F8CC54583E}.Ad-Hoc|x86.Build.0 = Release|Any CPU
		{01D7B45E-EF06-460E-B004-E2F8CC54583E}.AppStore|Any CPU.ActiveCfg = Debug|Any CPU
		{01D7B45E-EF06-460E-B004-E2F8CC54583E}.AppStore|Any CPU.Build.0 = Debug|Any CPU
		{01D7B45E-EF06-460E-B004-E2F8CC54583E}.AppStore|ARM.ActiveCfg = Release|Any CPU
		{01D7B45E-EF06-460E-B004-E2F8CC54583E}.AppStore|ARM.Build.0 = Release|Any CPU
		{01D7B45E-EF06-460E-B004-E2F8CC54583E}.AppStore|ARM64.ActiveCfg = Release|Any CPU
		{01D7B45E-EF06-460E-B004-E2F8CC54583E}.AppStore|ARM64.Build.0 = Release|Any CPU
		{01D7B45E-EF06-460E-B004-E2F8CC54583E}.AppStore|iPhone.ActiveCfg = Debug|Any CPU
		{01D7B45E-EF06-460E-B004-E2F8CC54583E}.AppStore|iPhone.Build.0 = Debug|Any CPU
		{01D7B45E-EF06-460E-B004-E2F8CC54583E}.AppStore|iPhoneSimulator.ActiveCfg = Debug|Any CPU
		{01D7B45E-EF06-460E-B004-E2F8CC54583E}.AppStore|iPhoneSimulator.Build.0 = Debug|Any CPU
		{01D7B45E-EF06-460E-B004-E2F8CC54583E}.AppStore|x64.ActiveCfg = Release|Any CPU
		{01D7B45E-EF06-460E-B004-E2F8CC54583E}.AppStore|x64.Build.0 = Release|Any CPU
		{01D7B45E-EF06-460E-B004-E2F8CC54583E}.AppStore|x86.ActiveCfg = Release|Any CPU
		{01D7B45E-EF06-460E-B004-E2F8CC54583E}.AppStore|x86.Build.0 = Release|Any CPU
		{01D7B45E-EF06-460E-B004-E2F8CC54583E}.Debug|Any CPU.ActiveCfg = Debug|Any CPU
		{01D7B45E-EF06-460E-B004-E2F8CC54583E}.Debug|Any CPU.Build.0 = Debug|Any CPU
		{01D7B45E-EF06-460E-B004-E2F8CC54583E}.Debug|ARM.ActiveCfg = Debug|Any CPU
		{01D7B45E-EF06-460E-B004-E2F8CC54583E}.Debug|ARM.Build.0 = Debug|Any CPU
		{01D7B45E-EF06-460E-B004-E2F8CC54583E}.Debug|ARM64.ActiveCfg = Debug|Any CPU
		{01D7B45E-EF06-460E-B004-E2F8CC54583E}.Debug|ARM64.Build.0 = Debug|Any CPU
		{01D7B45E-EF06-460E-B004-E2F8CC54583E}.Debug|iPhone.ActiveCfg = Debug|Any CPU
		{01D7B45E-EF06-460E-B004-E2F8CC54583E}.Debug|iPhone.Build.0 = Debug|Any CPU
		{01D7B45E-EF06-460E-B004-E2F8CC54583E}.Debug|iPhoneSimulator.ActiveCfg = Debug|Any CPU
		{01D7B45E-EF06-460E-B004-E2F8CC54583E}.Debug|iPhoneSimulator.Build.0 = Debug|Any CPU
		{01D7B45E-EF06-460E-B004-E2F8CC54583E}.Debug|x64.ActiveCfg = Debug|Any CPU
		{01D7B45E-EF06-460E-B004-E2F8CC54583E}.Debug|x64.Build.0 = Debug|Any CPU
		{01D7B45E-EF06-460E-B004-E2F8CC54583E}.Debug|x86.ActiveCfg = Debug|Any CPU
		{01D7B45E-EF06-460E-B004-E2F8CC54583E}.Debug|x86.Build.0 = Debug|Any CPU
		{01D7B45E-EF06-460E-B004-E2F8CC54583E}.Release|Any CPU.ActiveCfg = Release|Any CPU
		{01D7B45E-EF06-460E-B004-E2F8CC54583E}.Release|Any CPU.Build.0 = Release|Any CPU
		{01D7B45E-EF06-460E-B004-E2F8CC54583E}.Release|ARM.ActiveCfg = Release|Any CPU
		{01D7B45E-EF06-460E-B004-E2F8CC54583E}.Release|ARM.Build.0 = Release|Any CPU
		{01D7B45E-EF06-460E-B004-E2F8CC54583E}.Release|ARM64.ActiveCfg = Release|Any CPU
		{01D7B45E-EF06-460E-B004-E2F8CC54583E}.Release|ARM64.Build.0 = Release|Any CPU
		{01D7B45E-EF06-460E-B004-E2F8CC54583E}.Release|iPhone.ActiveCfg = Release|Any CPU
		{01D7B45E-EF06-460E-B004-E2F8CC54583E}.Release|iPhone.Build.0 = Release|Any CPU
		{01D7B45E-EF06-460E-B004-E2F8CC54583E}.Release|iPhoneSimulator.ActiveCfg = Release|Any CPU
		{01D7B45E-EF06-460E-B004-E2F8CC54583E}.Release|iPhoneSimulator.Build.0 = Release|Any CPU
		{01D7B45E-EF06-460E-B004-E2F8CC54583E}.Release|x64.ActiveCfg = Release|Any CPU
		{01D7B45E-EF06-460E-B004-E2F8CC54583E}.Release|x64.Build.0 = Release|Any CPU
		{01D7B45E-EF06-460E-B004-E2F8CC54583E}.Release|x86.ActiveCfg = Release|Any CPU
		{01D7B45E-EF06-460E-B004-E2F8CC54583E}.Release|x86.Build.0 = Release|Any CPU
		{7BAEFB07-8140-453B-B280-4D22B05A5EB2}.Ad-Hoc|Any CPU.ActiveCfg = Debug|Any CPU
		{7BAEFB07-8140-453B-B280-4D22B05A5EB2}.Ad-Hoc|Any CPU.Build.0 = Debug|Any CPU
		{7BAEFB07-8140-453B-B280-4D22B05A5EB2}.Ad-Hoc|ARM.ActiveCfg = Release|Any CPU
		{7BAEFB07-8140-453B-B280-4D22B05A5EB2}.Ad-Hoc|ARM.Build.0 = Release|Any CPU
		{7BAEFB07-8140-453B-B280-4D22B05A5EB2}.Ad-Hoc|ARM64.ActiveCfg = Release|Any CPU
		{7BAEFB07-8140-453B-B280-4D22B05A5EB2}.Ad-Hoc|ARM64.Build.0 = Release|Any CPU
		{7BAEFB07-8140-453B-B280-4D22B05A5EB2}.Ad-Hoc|iPhone.ActiveCfg = Debug|Any CPU
		{7BAEFB07-8140-453B-B280-4D22B05A5EB2}.Ad-Hoc|iPhone.Build.0 = Debug|Any CPU
		{7BAEFB07-8140-453B-B280-4D22B05A5EB2}.Ad-Hoc|iPhoneSimulator.ActiveCfg = Debug|Any CPU
		{7BAEFB07-8140-453B-B280-4D22B05A5EB2}.Ad-Hoc|iPhoneSimulator.Build.0 = Debug|Any CPU
		{7BAEFB07-8140-453B-B280-4D22B05A5EB2}.Ad-Hoc|x64.ActiveCfg = Release|Any CPU
		{7BAEFB07-8140-453B-B280-4D22B05A5EB2}.Ad-Hoc|x64.Build.0 = Release|Any CPU
		{7BAEFB07-8140-453B-B280-4D22B05A5EB2}.Ad-Hoc|x86.ActiveCfg = Release|Any CPU
		{7BAEFB07-8140-453B-B280-4D22B05A5EB2}.Ad-Hoc|x86.Build.0 = Release|Any CPU
		{7BAEFB07-8140-453B-B280-4D22B05A5EB2}.AppStore|Any CPU.ActiveCfg = Debug|Any CPU
		{7BAEFB07-8140-453B-B280-4D22B05A5EB2}.AppStore|Any CPU.Build.0 = Debug|Any CPU
		{7BAEFB07-8140-453B-B280-4D22B05A5EB2}.AppStore|ARM.ActiveCfg = Release|Any CPU
		{7BAEFB07-8140-453B-B280-4D22B05A5EB2}.AppStore|ARM.Build.0 = Release|Any CPU
		{7BAEFB07-8140-453B-B280-4D22B05A5EB2}.AppStore|ARM64.ActiveCfg = Release|Any CPU
		{7BAEFB07-8140-453B-B280-4D22B05A5EB2}.AppStore|ARM64.Build.0 = Release|Any CPU
		{7BAEFB07-8140-453B-B280-4D22B05A5EB2}.AppStore|iPhone.ActiveCfg = Debug|Any CPU
		{7BAEFB07-8140-453B-B280-4D22B05A5EB2}.AppStore|iPhone.Build.0 = Debug|Any CPU
		{7BAEFB07-8140-453B-B280-4D22B05A5EB2}.AppStore|iPhoneSimulator.ActiveCfg = Debug|Any CPU
		{7BAEFB07-8140-453B-B280-4D22B05A5EB2}.AppStore|iPhoneSimulator.Build.0 = Debug|Any CPU
		{7BAEFB07-8140-453B-B280-4D22B05A5EB2}.AppStore|x64.ActiveCfg = Release|Any CPU
		{7BAEFB07-8140-453B-B280-4D22B05A5EB2}.AppStore|x64.Build.0 = Release|Any CPU
		{7BAEFB07-8140-453B-B280-4D22B05A5EB2}.AppStore|x86.ActiveCfg = Release|Any CPU
		{7BAEFB07-8140-453B-B280-4D22B05A5EB2}.AppStore|x86.Build.0 = Release|Any CPU
		{7BAEFB07-8140-453B-B280-4D22B05A5EB2}.Debug|Any CPU.ActiveCfg = Debug|Any CPU
		{7BAEFB07-8140-453B-B280-4D22B05A5EB2}.Debug|Any CPU.Build.0 = Debug|Any CPU
		{7BAEFB07-8140-453B-B280-4D22B05A5EB2}.Debug|ARM.ActiveCfg = Debug|Any CPU
		{7BAEFB07-8140-453B-B280-4D22B05A5EB2}.Debug|ARM.Build.0 = Debug|Any CPU
		{7BAEFB07-8140-453B-B280-4D22B05A5EB2}.Debug|ARM64.ActiveCfg = Debug|Any CPU
		{7BAEFB07-8140-453B-B280-4D22B05A5EB2}.Debug|ARM64.Build.0 = Debug|Any CPU
		{7BAEFB07-8140-453B-B280-4D22B05A5EB2}.Debug|iPhone.ActiveCfg = Debug|Any CPU
		{7BAEFB07-8140-453B-B280-4D22B05A5EB2}.Debug|iPhone.Build.0 = Debug|Any CPU
		{7BAEFB07-8140-453B-B280-4D22B05A5EB2}.Debug|iPhoneSimulator.ActiveCfg = Debug|Any CPU
		{7BAEFB07-8140-453B-B280-4D22B05A5EB2}.Debug|iPhoneSimulator.Build.0 = Debug|Any CPU
		{7BAEFB07-8140-453B-B280-4D22B05A5EB2}.Debug|x64.ActiveCfg = Debug|Any CPU
		{7BAEFB07-8140-453B-B280-4D22B05A5EB2}.Debug|x64.Build.0 = Debug|Any CPU
		{7BAEFB07-8140-453B-B280-4D22B05A5EB2}.Debug|x86.ActiveCfg = Debug|Any CPU
		{7BAEFB07-8140-453B-B280-4D22B05A5EB2}.Debug|x86.Build.0 = Debug|Any CPU
		{7BAEFB07-8140-453B-B280-4D22B05A5EB2}.Release|Any CPU.ActiveCfg = Release|Any CPU
		{7BAEFB07-8140-453B-B280-4D22B05A5EB2}.Release|Any CPU.Build.0 = Release|Any CPU
		{7BAEFB07-8140-453B-B280-4D22B05A5EB2}.Release|ARM.ActiveCfg = Release|Any CPU
		{7BAEFB07-8140-453B-B280-4D22B05A5EB2}.Release|ARM.Build.0 = Release|Any CPU
		{7BAEFB07-8140-453B-B280-4D22B05A5EB2}.Release|ARM64.ActiveCfg = Release|Any CPU
		{7BAEFB07-8140-453B-B280-4D22B05A5EB2}.Release|ARM64.Build.0 = Release|Any CPU
		{7BAEFB07-8140-453B-B280-4D22B05A5EB2}.Release|iPhone.ActiveCfg = Release|Any CPU
		{7BAEFB07-8140-453B-B280-4D22B05A5EB2}.Release|iPhone.Build.0 = Release|Any CPU
		{7BAEFB07-8140-453B-B280-4D22B05A5EB2}.Release|iPhoneSimulator.ActiveCfg = Release|Any CPU
		{7BAEFB07-8140-453B-B280-4D22B05A5EB2}.Release|iPhoneSimulator.Build.0 = Release|Any CPU
		{7BAEFB07-8140-453B-B280-4D22B05A5EB2}.Release|x64.ActiveCfg = Release|Any CPU
		{7BAEFB07-8140-453B-B280-4D22B05A5EB2}.Release|x64.Build.0 = Release|Any CPU
		{7BAEFB07-8140-453B-B280-4D22B05A5EB2}.Release|x86.ActiveCfg = Release|Any CPU
		{7BAEFB07-8140-453B-B280-4D22B05A5EB2}.Release|x86.Build.0 = Release|Any CPU
		{9654693D-0028-4783-8281-9D840AF89063}.Ad-Hoc|Any CPU.ActiveCfg = Release|Any CPU
		{9654693D-0028-4783-8281-9D840AF89063}.Ad-Hoc|Any CPU.Build.0 = Release|Any CPU
		{9654693D-0028-4783-8281-9D840AF89063}.Ad-Hoc|ARM.ActiveCfg = Debug|Any CPU
		{9654693D-0028-4783-8281-9D840AF89063}.Ad-Hoc|ARM.Build.0 = Debug|Any CPU
		{9654693D-0028-4783-8281-9D840AF89063}.Ad-Hoc|ARM64.ActiveCfg = Debug|Any CPU
		{9654693D-0028-4783-8281-9D840AF89063}.Ad-Hoc|ARM64.Build.0 = Debug|Any CPU
		{9654693D-0028-4783-8281-9D840AF89063}.Ad-Hoc|iPhone.ActiveCfg = Release|Any CPU
		{9654693D-0028-4783-8281-9D840AF89063}.Ad-Hoc|iPhone.Build.0 = Release|Any CPU
		{9654693D-0028-4783-8281-9D840AF89063}.Ad-Hoc|iPhoneSimulator.ActiveCfg = Release|Any CPU
		{9654693D-0028-4783-8281-9D840AF89063}.Ad-Hoc|iPhoneSimulator.Build.0 = Release|Any CPU
		{9654693D-0028-4783-8281-9D840AF89063}.Ad-Hoc|x64.ActiveCfg = Debug|Any CPU
		{9654693D-0028-4783-8281-9D840AF89063}.Ad-Hoc|x64.Build.0 = Debug|Any CPU
		{9654693D-0028-4783-8281-9D840AF89063}.Ad-Hoc|x86.ActiveCfg = Debug|Any CPU
		{9654693D-0028-4783-8281-9D840AF89063}.Ad-Hoc|x86.Build.0 = Debug|Any CPU
		{9654693D-0028-4783-8281-9D840AF89063}.AppStore|Any CPU.ActiveCfg = Release|Any CPU
		{9654693D-0028-4783-8281-9D840AF89063}.AppStore|Any CPU.Build.0 = Release|Any CPU
		{9654693D-0028-4783-8281-9D840AF89063}.AppStore|ARM.ActiveCfg = Debug|Any CPU
		{9654693D-0028-4783-8281-9D840AF89063}.AppStore|ARM.Build.0 = Debug|Any CPU
		{9654693D-0028-4783-8281-9D840AF89063}.AppStore|ARM64.ActiveCfg = Debug|Any CPU
		{9654693D-0028-4783-8281-9D840AF89063}.AppStore|ARM64.Build.0 = Debug|Any CPU
		{9654693D-0028-4783-8281-9D840AF89063}.AppStore|iPhone.ActiveCfg = Release|Any CPU
		{9654693D-0028-4783-8281-9D840AF89063}.AppStore|iPhone.Build.0 = Release|Any CPU
		{9654693D-0028-4783-8281-9D840AF89063}.AppStore|iPhoneSimulator.ActiveCfg = Release|Any CPU
		{9654693D-0028-4783-8281-9D840AF89063}.AppStore|iPhoneSimulator.Build.0 = Release|Any CPU
		{9654693D-0028-4783-8281-9D840AF89063}.AppStore|x64.ActiveCfg = Debug|Any CPU
		{9654693D-0028-4783-8281-9D840AF89063}.AppStore|x64.Build.0 = Debug|Any CPU
		{9654693D-0028-4783-8281-9D840AF89063}.AppStore|x86.ActiveCfg = Debug|Any CPU
		{9654693D-0028-4783-8281-9D840AF89063}.AppStore|x86.Build.0 = Debug|Any CPU
		{9654693D-0028-4783-8281-9D840AF89063}.Debug|Any CPU.ActiveCfg = Debug|Any CPU
		{9654693D-0028-4783-8281-9D840AF89063}.Debug|Any CPU.Build.0 = Debug|Any CPU
		{9654693D-0028-4783-8281-9D840AF89063}.Debug|ARM.ActiveCfg = Debug|Any CPU
		{9654693D-0028-4783-8281-9D840AF89063}.Debug|ARM.Build.0 = Debug|Any CPU
		{9654693D-0028-4783-8281-9D840AF89063}.Debug|ARM64.ActiveCfg = Debug|Any CPU
		{9654693D-0028-4783-8281-9D840AF89063}.Debug|ARM64.Build.0 = Debug|Any CPU
		{9654693D-0028-4783-8281-9D840AF89063}.Debug|iPhone.ActiveCfg = Debug|Any CPU
		{9654693D-0028-4783-8281-9D840AF89063}.Debug|iPhone.Build.0 = Debug|Any CPU
		{9654693D-0028-4783-8281-9D840AF89063}.Debug|iPhoneSimulator.ActiveCfg = Debug|Any CPU
		{9654693D-0028-4783-8281-9D840AF89063}.Debug|iPhoneSimulator.Build.0 = Debug|Any CPU
		{9654693D-0028-4783-8281-9D840AF89063}.Debug|x64.ActiveCfg = Debug|Any CPU
		{9654693D-0028-4783-8281-9D840AF89063}.Debug|x64.Build.0 = Debug|Any CPU
		{9654693D-0028-4783-8281-9D840AF89063}.Debug|x86.ActiveCfg = Debug|Any CPU
		{9654693D-0028-4783-8281-9D840AF89063}.Debug|x86.Build.0 = Debug|Any CPU
		{9654693D-0028-4783-8281-9D840AF89063}.Release|Any CPU.ActiveCfg = Release|Any CPU
		{9654693D-0028-4783-8281-9D840AF89063}.Release|Any CPU.Build.0 = Release|Any CPU
		{9654693D-0028-4783-8281-9D840AF89063}.Release|ARM.ActiveCfg = Release|Any CPU
		{9654693D-0028-4783-8281-9D840AF89063}.Release|ARM.Build.0 = Release|Any CPU
		{9654693D-0028-4783-8281-9D840AF89063}.Release|ARM64.ActiveCfg = Release|Any CPU
		{9654693D-0028-4783-8281-9D840AF89063}.Release|ARM64.Build.0 = Release|Any CPU
		{9654693D-0028-4783-8281-9D840AF89063}.Release|iPhone.ActiveCfg = Release|Any CPU
		{9654693D-0028-4783-8281-9D840AF89063}.Release|iPhone.Build.0 = Release|Any CPU
		{9654693D-0028-4783-8281-9D840AF89063}.Release|iPhoneSimulator.ActiveCfg = Release|Any CPU
		{9654693D-0028-4783-8281-9D840AF89063}.Release|iPhoneSimulator.Build.0 = Release|Any CPU
		{9654693D-0028-4783-8281-9D840AF89063}.Release|x64.ActiveCfg = Release|Any CPU
		{9654693D-0028-4783-8281-9D840AF89063}.Release|x64.Build.0 = Release|Any CPU
		{9654693D-0028-4783-8281-9D840AF89063}.Release|x86.ActiveCfg = Release|Any CPU
		{9654693D-0028-4783-8281-9D840AF89063}.Release|x86.Build.0 = Release|Any CPU
		{68FED227-A0EC-4A04-A756-75B073172BB8}.Ad-Hoc|Any CPU.ActiveCfg = Release|x64
		{68FED227-A0EC-4A04-A756-75B073172BB8}.Ad-Hoc|Any CPU.Build.0 = Release|x64
		{68FED227-A0EC-4A04-A756-75B073172BB8}.Ad-Hoc|Any CPU.Deploy.0 = Release|x64
		{68FED227-A0EC-4A04-A756-75B073172BB8}.Ad-Hoc|ARM.ActiveCfg = Release|ARM
		{68FED227-A0EC-4A04-A756-75B073172BB8}.Ad-Hoc|ARM.Build.0 = Release|ARM
		{68FED227-A0EC-4A04-A756-75B073172BB8}.Ad-Hoc|ARM.Deploy.0 = Release|ARM
		{68FED227-A0EC-4A04-A756-75B073172BB8}.Ad-Hoc|ARM64.ActiveCfg = Release|ARM64
		{68FED227-A0EC-4A04-A756-75B073172BB8}.Ad-Hoc|ARM64.Build.0 = Release|ARM64
		{68FED227-A0EC-4A04-A756-75B073172BB8}.Ad-Hoc|ARM64.Deploy.0 = Release|ARM64
		{68FED227-A0EC-4A04-A756-75B073172BB8}.Ad-Hoc|iPhone.ActiveCfg = Release|x64
		{68FED227-A0EC-4A04-A756-75B073172BB8}.Ad-Hoc|iPhone.Build.0 = Release|x64
		{68FED227-A0EC-4A04-A756-75B073172BB8}.Ad-Hoc|iPhone.Deploy.0 = Release|x64
		{68FED227-A0EC-4A04-A756-75B073172BB8}.Ad-Hoc|iPhoneSimulator.ActiveCfg = Release|x64
		{68FED227-A0EC-4A04-A756-75B073172BB8}.Ad-Hoc|iPhoneSimulator.Build.0 = Release|x64
		{68FED227-A0EC-4A04-A756-75B073172BB8}.Ad-Hoc|iPhoneSimulator.Deploy.0 = Release|x64
		{68FED227-A0EC-4A04-A756-75B073172BB8}.Ad-Hoc|x64.ActiveCfg = Release|x64
		{68FED227-A0EC-4A04-A756-75B073172BB8}.Ad-Hoc|x64.Build.0 = Release|x64
		{68FED227-A0EC-4A04-A756-75B073172BB8}.Ad-Hoc|x64.Deploy.0 = Release|x64
		{68FED227-A0EC-4A04-A756-75B073172BB8}.Ad-Hoc|x86.ActiveCfg = Release|x86
		{68FED227-A0EC-4A04-A756-75B073172BB8}.Ad-Hoc|x86.Build.0 = Release|x86
		{68FED227-A0EC-4A04-A756-75B073172BB8}.Ad-Hoc|x86.Deploy.0 = Release|x86
		{68FED227-A0EC-4A04-A756-75B073172BB8}.AppStore|Any CPU.ActiveCfg = Release|x64
		{68FED227-A0EC-4A04-A756-75B073172BB8}.AppStore|Any CPU.Build.0 = Release|x64
		{68FED227-A0EC-4A04-A756-75B073172BB8}.AppStore|Any CPU.Deploy.0 = Release|x64
		{68FED227-A0EC-4A04-A756-75B073172BB8}.AppStore|ARM.ActiveCfg = Release|ARM
		{68FED227-A0EC-4A04-A756-75B073172BB8}.AppStore|ARM.Build.0 = Release|ARM
		{68FED227-A0EC-4A04-A756-75B073172BB8}.AppStore|ARM.Deploy.0 = Release|ARM
		{68FED227-A0EC-4A04-A756-75B073172BB8}.AppStore|ARM64.ActiveCfg = Release|ARM64
		{68FED227-A0EC-4A04-A756-75B073172BB8}.AppStore|ARM64.Build.0 = Release|ARM64
		{68FED227-A0EC-4A04-A756-75B073172BB8}.AppStore|ARM64.Deploy.0 = Release|ARM64
		{68FED227-A0EC-4A04-A756-75B073172BB8}.AppStore|iPhone.ActiveCfg = Release|x64
		{68FED227-A0EC-4A04-A756-75B073172BB8}.AppStore|iPhone.Build.0 = Release|x64
		{68FED227-A0EC-4A04-A756-75B073172BB8}.AppStore|iPhone.Deploy.0 = Release|x64
		{68FED227-A0EC-4A04-A756-75B073172BB8}.AppStore|iPhoneSimulator.ActiveCfg = Release|x64
		{68FED227-A0EC-4A04-A756-75B073172BB8}.AppStore|iPhoneSimulator.Build.0 = Release|x64
		{68FED227-A0EC-4A04-A756-75B073172BB8}.AppStore|iPhoneSimulator.Deploy.0 = Release|x64
		{68FED227-A0EC-4A04-A756-75B073172BB8}.AppStore|x64.ActiveCfg = Release|x64
		{68FED227-A0EC-4A04-A756-75B073172BB8}.AppStore|x64.Build.0 = Release|x64
		{68FED227-A0EC-4A04-A756-75B073172BB8}.AppStore|x64.Deploy.0 = Release|x64
		{68FED227-A0EC-4A04-A756-75B073172BB8}.AppStore|x86.ActiveCfg = Release|x86
		{68FED227-A0EC-4A04-A756-75B073172BB8}.AppStore|x86.Build.0 = Release|x86
		{68FED227-A0EC-4A04-A756-75B073172BB8}.AppStore|x86.Deploy.0 = Release|x86
		{68FED227-A0EC-4A04-A756-75B073172BB8}.Debug|Any CPU.ActiveCfg = Debug|x86
		{68FED227-A0EC-4A04-A756-75B073172BB8}.Debug|ARM.ActiveCfg = Debug|ARM
		{68FED227-A0EC-4A04-A756-75B073172BB8}.Debug|ARM.Build.0 = Debug|ARM
		{68FED227-A0EC-4A04-A756-75B073172BB8}.Debug|ARM.Deploy.0 = Debug|ARM
		{68FED227-A0EC-4A04-A756-75B073172BB8}.Debug|ARM64.ActiveCfg = Debug|ARM64
		{68FED227-A0EC-4A04-A756-75B073172BB8}.Debug|ARM64.Build.0 = Debug|ARM64
		{68FED227-A0EC-4A04-A756-75B073172BB8}.Debug|ARM64.Deploy.0 = Debug|ARM64
		{68FED227-A0EC-4A04-A756-75B073172BB8}.Debug|iPhone.ActiveCfg = Debug|x86
		{68FED227-A0EC-4A04-A756-75B073172BB8}.Debug|iPhoneSimulator.ActiveCfg = Debug|x86
		{68FED227-A0EC-4A04-A756-75B073172BB8}.Debug|x64.ActiveCfg = Debug|x64
		{68FED227-A0EC-4A04-A756-75B073172BB8}.Debug|x64.Build.0 = Debug|x64
		{68FED227-A0EC-4A04-A756-75B073172BB8}.Debug|x64.Deploy.0 = Debug|x64
		{68FED227-A0EC-4A04-A756-75B073172BB8}.Debug|x86.ActiveCfg = Debug|x86
		{68FED227-A0EC-4A04-A756-75B073172BB8}.Debug|x86.Build.0 = Debug|x86
		{68FED227-A0EC-4A04-A756-75B073172BB8}.Debug|x86.Deploy.0 = Debug|x86
		{68FED227-A0EC-4A04-A756-75B073172BB8}.Release|Any CPU.ActiveCfg = Release|x86
		{68FED227-A0EC-4A04-A756-75B073172BB8}.Release|ARM.ActiveCfg = Release|ARM
		{68FED227-A0EC-4A04-A756-75B073172BB8}.Release|ARM.Build.0 = Release|ARM
		{68FED227-A0EC-4A04-A756-75B073172BB8}.Release|ARM.Deploy.0 = Release|ARM
		{68FED227-A0EC-4A04-A756-75B073172BB8}.Release|ARM64.ActiveCfg = Release|ARM64
		{68FED227-A0EC-4A04-A756-75B073172BB8}.Release|ARM64.Build.0 = Release|ARM64
		{68FED227-A0EC-4A04-A756-75B073172BB8}.Release|ARM64.Deploy.0 = Release|ARM64
		{68FED227-A0EC-4A04-A756-75B073172BB8}.Release|iPhone.ActiveCfg = Release|x86
		{68FED227-A0EC-4A04-A756-75B073172BB8}.Release|iPhoneSimulator.ActiveCfg = Release|x86
		{68FED227-A0EC-4A04-A756-75B073172BB8}.Release|x64.ActiveCfg = Release|x64
		{68FED227-A0EC-4A04-A756-75B073172BB8}.Release|x64.Build.0 = Release|x64
		{68FED227-A0EC-4A04-A756-75B073172BB8}.Release|x64.Deploy.0 = Release|x64
		{68FED227-A0EC-4A04-A756-75B073172BB8}.Release|x86.ActiveCfg = Release|x86
		{68FED227-A0EC-4A04-A756-75B073172BB8}.Release|x86.Build.0 = Release|x86
		{68FED227-A0EC-4A04-A756-75B073172BB8}.Release|x86.Deploy.0 = Release|x86
	EndGlobalSection
	GlobalSection(SolutionProperties) = preSolution
		HideSolutionNode = FALSE
	EndGlobalSection
	GlobalSection(NestedProjects) = preSolution
		{1271BCFE-5F7B-4A6E-A53C-D7BAED518CEF} = {3AAE86E2-AE3C-4BB0-BCA8-DEDE490D90F4}
		{48139257-59BF-4F5B-8E4D-57F0D40FA59C} = {3AAE86E2-AE3C-4BB0-BCA8-DEDE490D90F4}
		{974761A4-3265-4D29-AC0B-2E452872FA9E} = {3AAE86E2-AE3C-4BB0-BCA8-DEDE490D90F4}
		{A03DE363-03F1-428D-AB60-EA58A4477635} = {CD38F87C-995D-441B-BD35-FB6E820FAA4D}
		{62677E46-7B9C-44EF-87EB-70EB72E84E16} = {0432EA3B-1323-481E-9B5A-54C46F95FDC9}
		{01D7B45E-EF06-460E-B004-E2F8CC54583E} = {4AD3C2FF-08C3-4D14-B5CF-7DDC462A6DEC}
		{7BAEFB07-8140-453B-B280-4D22B05A5EB2} = {4AD3C2FF-08C3-4D14-B5CF-7DDC462A6DEC}
		{9654693D-0028-4783-8281-9D840AF89063} = {4AD3C2FF-08C3-4D14-B5CF-7DDC462A6DEC}
		{68FED227-A0EC-4A04-A756-75B073172BB8} = {3AAE86E2-AE3C-4BB0-BCA8-DEDE490D90F4}
	EndGlobalSection
	GlobalSection(ExtensibilityGlobals) = postSolution
		SolutionGuid = {2622A475-1646-452F-BAB4-2F770D6CF855}
	EndGlobalSection
EndGlobal
